// !$*UTF8*$!
{
	archiveVersion = 1;
	classes = {
	};
	objectVersion = 46;
	objects = {

/* Begin PBXBuildFile section */
		A240A0B215CF75B800788FFD /* main.cpp in Sources */ = {isa = PBXBuildFile; fileRef = A240A0B115CF75B800788FFD /* main.cpp */; };
		A240A0B415CF75B800788FFD /* BasicStack.1 in CopyFiles */ = {isa = PBXBuildFile; fileRef = A240A0B315CF75B800788FFD /* BasicStack.1 */; };
		A240A0BC15CF76F800788FFD /* BasicStack.cc in Sources */ = {isa = PBXBuildFile; fileRef = A240A0BB15CF76F800788FFD /* BasicStack.cc */; };
/* End PBXBuildFile section */

/* Begin PBXCopyFilesBuildPhase section */
		A240A0AB15CF75B800788FFD /* CopyFiles */ = {
			isa = PBXCopyFilesBuildPhase;
			buildActionMask = 2147483647;
			dstPath = /usr/share/man/man1/;
			dstSubfolderSpec = 0;
			files = (
				A240A0B415CF75B800788FFD /* BasicStack.1 in CopyFiles */,
			);
			runOnlyForDeploymentPostprocessing = 1;
		};
/* End PBXCopyFilesBuildPhase section */

/* Begin PBXFileReference section */
		A240A0AD15CF75B800788FFD /* BasicStack */ = {isa = PBXFileReference; explicitFileType = "compiled.mach-o.executable"; includeInIndex = 0; path = BasicStack; sourceTree = BUILT_PRODUCTS_DIR; };
		A240A0B115CF75B800788FFD /* main.cpp */ = {isa = PBXFileReference; lastKnownFileType = sourcecode.cpp.cpp; path = main.cpp; sourceTree = "<group>"; };
		A240A0B315CF75B800788FFD /* BasicStack.1 */ = {isa = PBXFileReference; lastKnownFileType = text.man; path = BasicStack.1; sourceTree = "<group>"; };
		A240A0BA15CF75DB00788FFD /* BasicStack.h */ = {isa = PBXFileReference; lastKnownFileType = sourcecode.c.h; path = BasicStack.h; sourceTree = "<group>"; };
		A240A0BB15CF76F800788FFD /* BasicStack.cc */ = {isa = PBXFileReference; fileEncoding = 4; lastKnownFileType = sourcecode.cpp.cpp; path = BasicStack.cc; sourceTree = "<group>"; };
/* End PBXFileReference section */

/* Begin PBXFrameworksBuildPhase section */
		A240A0AA15CF75B800788FFD /* Frameworks */ = {
			isa = PBXFrameworksBuildPhase;
			buildActionMask = 2147483647;
			files = (
			);
			runOnlyForDeploymentPostprocessing = 0;
		};
/* End PBXFrameworksBuildPhase section */

/* Begin PBXGroup section */
		A240A0A215CF75B800788FFD = {
			isa = PBXGroup;
			children = (
				A240A0BB15CF76F800788FFD /* BasicStack.cc */,
				A240A0BA15CF75DB00788FFD /* BasicStack.h */,
				A240A0B015CF75B800788FFD /* BasicStack */,
				A240A0AE15CF75B800788FFD /* Products */,
			);
			sourceTree = "<group>";
		};
		A240A0AE15CF75B800788FFD /* Products */ = {
			isa = PBXGroup;
			children = (
				A240A0AD15CF75B800788FFD /* BasicStack */,
			);
			name = Products;
			sourceTree = "<group>";
		};
		A240A0B015CF75B800788FFD /* BasicStack */ = {
			isa = PBXGroup;
			children = (
				A240A0B115CF75B800788FFD /* main.cpp */,
				A240A0B315CF75B800788FFD /* BasicStack.1 */,
			);
			path = BasicStack;
			sourceTree = "<group>";
		};
/* End PBXGroup section */

/* Begin PBXNativeTarget section */
		A240A0AC15CF75B800788FFD /* BasicStack */ = {
			isa = PBXNativeTarget;
			buildConfigurationList = A240A0B715CF75B800788FFD /* Build configuration list for PBXNativeTarget "BasicStack" */;
			buildPhases = (
				A240A0A915CF75B800788FFD /* Sources */,
				A240A0AA15CF75B800788FFD /* Frameworks */,
				A240A0AB15CF75B800788FFD /* CopyFiles */,
			);
			buildRules = (
			);
			dependencies = (
			);
			name = BasicStack;
			productName = BasicStack;
			productReference = A240A0AD15CF75B800788FFD /* BasicStack */;
			productType = "com.apple.product-type.tool";
		};
/* End PBXNativeTarget section */

/* Begin PBXProject section */
		A240A0A415CF75B800788FFD /* Project object */ = {
			isa = PBXProject;
			attributes = {
				LastUpgradeCheck = 0430;
				ORGANIZATIONNAME = "NYU POLY";
			};
			buildConfigurationList = A240A0A715CF75B800788FFD /* Build configuration list for PBXProject "BasicStack" */;
			compatibilityVersion = "Xcode 3.2";
			developmentRegion = English;
			hasScannedForEncodings = 0;
			knownRegions = (
				en,
			);
			mainGroup = A240A0A215CF75B800788FFD;
			productRefGroup = A240A0AE15CF75B800788FFD /* Products */;
			projectDirPath = "";
			projectRoot = "";
			targets = (
				A240A0AC15CF75B800788FFD /* BasicStack */,
			);
		};
/* End PBXProject section */

/* Begin PBXSourcesBuildPhase section */
		A240A0A915CF75B800788FFD /* Sources */ = {
			isa = PBXSourcesBuildPhase;
			buildActionMask = 2147483647;
			files = (
				A240A0B215CF75B800788FFD /* main.cpp in Sources */,
				A240A0BC15CF76F800788FFD /* BasicStack.cc in Sources */,
			);
			runOnlyForDeploymentPostprocessing = 0;
		};
/* End PBXSourcesBuildPhase section */

/* Begin XCBuildConfiguration section */
		A240A0B515CF75B800788FFD /* Debug */ = {
			isa = XCBuildConfiguration;
			buildSettings = {
				ALWAYS_SEARCH_USER_PATHS = NO;
				ARCHS = "$(ARCHS_STANDARD_64_BIT)";
				CLANG_ENABLE_OBJC_ARC = YES;
				COPY_PHASE_STRIP = NO;
				GCC_C_LANGUAGE_STANDARD = gnu99;
				GCC_DYNAMIC_NO_PIC = NO;
				GCC_ENABLE_OBJC_EXCEPTIONS = YES;
				GCC_OPTIMIZATION_LEVEL = 0;
				GCC_PREPROCESSOR_DEFINITIONS = (
					"DEBUG=1",
					"$(inherited)",
				);
				GCC_SYMBOLS_PRIVATE_EXTERN = NO;
				GCC_VERSION = com.apple.compilers.llvm.clang.1_0;
				GCC_WARN_64_TO_32_BIT_CONVERSION = YES;
				GCC_WARN_ABOUT_RETURN_TYPE = YES;
				GCC_WARN_UNINITIALIZED_AUTOS = YES;
				GCC_WARN_UNUSED_VARIABLE = YES;
				MACOSX_DEPLOYMENT_TARGET = 10.7;
				ONLY_ACTIVE_ARCH = YES;
				SDKROOT = macosx;
			};
			name = Debug;
		};
		A240A0B615CF75B800788FFD /* Release */ = {
			isa = XCBuildConfiguration;
			buildSettings = {
				ALWAYS_SEARCH_USER_PATHS = NO;
				ARCHS = "$(ARCHS_STANDARD_64_BIT)";
				CLANG_ENABLE_OBJC_ARC = YES;
				COPY_PHASE_STRIP = YES;
				DEBUG_INFORMATION_FORMAT = "dwarf-with-dsym";
				GCC_C_LANGUAGE_STANDARD = gnu99;
				GCC_ENABLE_OBJC_EXCEPTIONS = YES;
				GCC_VERSION = com.apple.compilers.llvm.clang.1_0;
				GCC_WARN_64_TO_32_BIT_CONVERSION = YES;
				GCC_WARN_ABOUT_RETURN_TYPE = YES;
				GCC_WARN_UNINITIALIZED_AUTOS = YES;
				GCC_WARN_UNUSED_VARIABLE = YES;
				MACOSX_DEPLOYMENT_TARGET = 10.7;
				SDKROOT = macosx;
			};
			name = Release;
		};
		A240A0B815CF75B800788FFD /* Debug */ = {
			isa = XCBuildConfiguration;
			buildSettings = {
				PRODUCT_NAME = "$(TARGET_NAME)";
			};
			name = Debug;
		};
		A240A0B915CF75B800788FFD /* Release */ = {
			isa = XCBuildConfiguration;
			buildSettings = {
				PRODUCT_NAME = "$(TARGET_NAME)";
			};
			name = Release;
		};
/* End XCBuildConfiguration section */

/* Begin XCConfigurationList section */
		A240A0A715CF75B800788FFD /* Build configuration list for PBXProject "BasicStack" */ = {
			isa = XCConfigurationList;
			buildConfigurations = (
				A240A0B515CF75B800788FFD /* Debug */,
				A240A0B615CF75B800788FFD /* Release */,
			);
			defaultConfigurationIsVisible = 0;
			defaultConfigurationName = Release;
		};
		A240A0B715CF75B800788FFD /* Build configuration list for PBXNativeTarget "BasicStack" */ = {
			isa = XCConfigurationList;
			buildConfigurations = (
				A240A0B815CF75B800788FFD /* Debug */,
				A240A0B915CF75B800788FFD /* Release */,
			);
			defaultConfigurationIsVisible = 0;
		};
/* End XCConfigurationList section */
	};
	rootObject = A240A0A415CF75B800788FFD /* Project object */;
}
